{
  "pins" : [
    {
      "identity" : "attributedstring",
      "kind" : "remoteSourceControl",
      "location" : "https://github.com/symbiose-technologies/AttributedString",
      "state" : {
        "branch" : "symbiose",
        "revision" : "0db3ed2a86d4b8d7fd4abf427f319bc41fc07c6d"
      }
    },
    {
      "identity" : "swift-snapshot-testing",
      "kind" : "remoteSourceControl",
      "location" : "https://github.com/pointfreeco/swift-snapshot-testing",
      "state" : {
        "revision" : "f29e2014f6230cf7d5138fc899da51c7f513d467",
        "version" : "1.10.0"
      }
    }
  ],
  "version" : 2
}
